<Solution>
  <Folder Name="/Projects/">
    <Project Path="Projects/AddSignalrRealtime/AddSignalrRealtime.csproj" />
    <Project Path="Projects/ApplicationServices/ApplicationServices.csproj" />
    <Project Path="Projects/ApplyDataFilters/ApplyDataFilters.csproj" />
    <Project Path="Projects/AuthorizeResources/AuthorizeResources.csproj" />
    <Project Path="Projects/BackgroundJobsAndEvents/BackgroundJobsAndEvents.csproj" />
    <Project Path="Projects/BlazorUi/BlazorUi.csproj" />
    <Project Path="Projects/BuildCrudApplicationServices/BuildCrudApplicationServices.csproj" />
    <Project Path="Projects/BuildMvcWidgets/BuildMvcWidgets.csproj" />
    <Project Path="Projects/CacheEntities/CacheEntities.csproj" />
    <Project Path="Projects/CheckSimpleState/CheckSimpleState.csproj" />
    <Project Path="Projects/ConfigureAppUrls/ConfigureAppUrls.csproj" />
    <Project Path="Projects/ConfigureAuditLogging/ConfigureAuditLogging.csproj" />
    <Project Path="Projects/ConfigureConnectionStrings/ConfigureConnectionStrings.csproj" />
    <Project Path="Projects/ConfigureCors/ConfigureCors.csproj" />
    <Project Path="Projects/ConfigureDynamicClaims/ConfigureDynamicClaims.csproj" />
    <Project Path="Projects/ConfigureLogging/ConfigureLogging.csproj" />
    <Project Path="Projects/ConfigureMultiTenancy/ConfigureMultiTenancy.csproj" />
    <Project Path="Projects/ConfigureOpenIddictAuthentication/ConfigureOpenIddictAuthentication.csproj" />
    <Project Path="Projects/ConfigureOpenIddictValidation/ConfigureOpenIddictValidation.csproj" />
    <Project Path="Projects/ConfigureProductionHosting/ConfigureProductionHosting.csproj" />
    <Project Path="Projects/ConfigureSwaggerOpenapi/ConfigureSwaggerOpenapi.csproj" />
    <Project Path="Projects/ConsumeRemoteServices/ConsumeRemoteServices.csproj" />
    <Project Path="Projects/CreatePluginModules/CreatePluginModules.csproj" />
    <Project Path="Projects/CustomizeApplicationModules/CustomizeApplicationModules.csproj" />
    <Project Path="Projects/DefineApplicationModules/DefineApplicationModules.csproj" />
    <Project Path="Projects/DesignModuleAndServiceCommunication/DesignModuleAndServiceCommunication.csproj" />
    <Project Path="Projects/DistributedCachingAndLocking/DistributedCachingAndLocking.csproj" />
    <Project Path="Projects/EfCoreIntegration/EfCoreIntegration.csproj" />
    <Project Path="Projects/EncryptStrings/EncryptStrings.csproj" />
    <Project Path="Projects/ExposeHttpApis/ExposeHttpApis.csproj" />
    <Project Path="Projects/ExtendApplicationShell/ExtendApplicationShell.csproj" />
    <Project Path="Projects/ExtendObjectsWithExtraProperties/ExtendObjectsWithExtraProperties.csproj" />
    <Project Path="Projects/GenerateGuids/GenerateGuids.csproj" />
    <Project Path="Projects/HandleDatesAndTime/HandleDatesAndTime.csproj" />
    <Project Path="Projects/HandleOptimisticConcurrency/HandleOptimisticConcurrency.csproj" />
    <Project Path="Projects/HandleValidationAndErrors/HandleValidationAndErrors.csproj" />
    <Project Path="Projects/IntegrateAi/IntegrateAi.csproj" />
    <Project Path="Projects/IntegrateAutofac/IntegrateAutofac.csproj" />
    <Project Path="Projects/IntegrateDaprServices/IntegrateDaprServices.csproj" />
    <Project Path="Projects/LayeredArchitecture/LayeredArchitecture.csproj" />
    <Project Path="Projects/LocalizeApplications/LocalizeApplications.csproj" />
    <Project Path="Projects/ManageSettingsAndFeatures/ManageSettingsAndFeatures.csproj" />
    <Project Path="Projects/ManageUnitsOfWork/ManageUnitsOfWork.csproj" />
    <Project Path="Projects/ManageVirtualFiles/ManageVirtualFiles.csproj" />
    <Project Path="Projects/ManipulateImages/ManipulateImages.csproj" />
    <Project Path="Projects/MapObjectsAndDtos/MapObjectsAndDtos.csproj" />
    <Project Path="Projects/MenusAndLocalization/MenusAndLocalization.csproj" />
    <Project Path="Projects/ModelDomainAggregates/ModelDomainAggregates.csproj" />
    <Project Path="Projects/MongodbIntegration/MongodbIntegration.csproj" />
    <Project Path="Projects/MvcRazorUi/MvcRazorUi.csproj" />
    <Project Path="Projects/PermissionsAndAuthorization/PermissionsAndAuthorization.csproj" />
    <Project Path="Projects/PropagateCorrelationId/PropagateCorrelationId.csproj" />
    <Project Path="Projects/QueryWithDapper/QueryWithDapper.csproj" />
    <Project Path="Projects/ReadConfiguration/ReadConfiguration.csproj" />
    <Project Path="Projects/RegisterAndReplaceServices/RegisterAndReplaceServices.csproj" />
    <Project Path="Projects/RenderTextTemplates/RenderTextTemplates.csproj" />
    <Project Path="Projects/SecureWebRequests/SecureWebRequests.csproj" />
    <Project Path="Projects/SeedApplicationData/SeedApplicationData.csproj" />
    <Project Path="Projects/SendEmails/SendEmails.csproj" />
    <Project Path="Projects/SendSms/SendSms.csproj" />
    <Project Path="Projects/SerializeJson/SerializeJson.csproj" />
    <Project Path="Projects/StoreBlobs/StoreBlobs.csproj" />
    <Project Path="Projects/TestAbpApplications/TestAbpApplications.csproj" />
    <Project Path="Projects/TestMvcRazorUi/TestMvcRazorUi.csproj" />
    <Project Path="Projects/ToggleGlobalFeatures/ToggleGlobalFeatures.csproj" />
    <Project Path="Projects/UseAbpRepositories/UseAbpRepositories.csproj" />
    <Project Path="Projects/UseAbpStandardEndpoints/UseAbpStandardEndpoints.csproj" />
    <Project Path="Projects/UseCancellationTokens/UseCancellationTokens.csproj" />
    <Project Path="Projects/UseHybridCaching/UseHybridCaching.csproj" />
    <Project Path="Projects/UseInterceptorsAndDynamicProxy/UseInterceptorsAndDynamicProxy.csproj" />
    <Project Path="Projects/VersionHttpApis/VersionHttpApis.csproj" />
  </Folder>
</Solution>
