{
  "name": "abp-skills-compat-ts",
  "version": "1.0.0",
  "lockfileVersion": 3,
  "requires": true,
  "packages": {
    "": {
      "name": "abp-skills-compat-ts",
      "version": "1.0.0",
      "dependencies": {
        "@abp/ng.core": "10.5.0",
        "@angular/animations": "21.2.17",
        "@angular/common": "21.2.17",
        "@angular/core": "21.2.17",
        "@angular/platform-browser": "21.2.17",
        "@angular/router": "21.2.17",
        "angular-oauth2-oidc": "20.0.3",
        "rxjs": "7.8.2",
        "tslib": "2.8.1"
      },
      "devDependencies": {
        "@types/luxon": "3.7.1",
        "typescript": "5.9.3"
      },
      "engines": {
        "node": ">=24",
        "npm": ">=11.13"
      }
    },
    "node_modules/@abp/ng.core": {
      "version": "10.5.0",
      "resolved": "https://registry.npmjs.org/@abp/ng.core/-/ng.core-10.5.0.tgz",
      "integrity": "sha512-0wFgZBKfxyXruZf1+mq48cdH6ZUQc5+T9b55uCA28Ao7tgkrbdQIZbJyBxUKJ3hSHHey4czqggjW7TI2cMvT6g==",
      "license": "LGPL-3.0",
      "dependencies": {
        "@abp/utils": "~10.5.0",
        "just-clone": "^6.0.0",
        "just-compare": "^2.0.0",
        "luxon": "^3.0.0",
        "ts-toolbelt": "^9.0.0",
        "tslib": "^2.0.0"
      }
    },
    "node_modules/@abp/utils": {
      "version": "10.5.0",
      "resolved": "https://registry.npmjs.org/@abp/utils/-/utils-10.5.0.tgz",
      "integrity": "sha512-00mcBklr6+/4HzmR1BjWSupUPjsjrzcPXsuWyJH9ylyLfaIEh13uzHqwpw3goCNsAf1NU9MaOdqlIbGAaNB9cA==",
      "license": "LGPL-3.0",
      "dependencies": {
        "just-compare": "^2.3.0"
      }
    },
    "node_modules/@angular/animations": {
      "version": "21.2.17",
      "resolved": "https://registry.npmjs.org/@angular/animations/-/animations-21.2.17.tgz",
      "integrity": "sha512-zOW8FFa9qfbVkZ5TulxDkl1C3+gEjWfAAD5Z2MycA6pjVJQlLYPiTAGq+flOQ3yZfTT0z6kd5rejQMXWI81Dvg==",
      "deprecated": "@angular/animations is deprecated. Use `animate.enter` and `animate.leave` instead. For more information see: https://v22.angular.dev/guide/animations.",
      "license": "MIT",
      "dependencies": {
        "tslib": "^2.3.0"
      },
      "engines": {
        "node": "^20.19.0 || ^22.12.0 || >=24.0.0"
      },
      "peerDependencies": {
        "@angular/core": "21.2.17"
      }
    },
    "node_modules/@angular/common": {
      "version": "21.2.17",
      "resolved": "https://registry.npmjs.org/@angular/common/-/common-21.2.17.tgz",
      "integrity": "sha512-hqAQxRfi5ldFE42suAXRcY+JCANrUh7fuSQ/DtZ7L896id5BT/exuv6dWNBC1PyAfQmRbpD5Pt6/pd+tNLyhDQ==",
      "license": "MIT",
      "dependencies": {
        "tslib": "^2.3.0"
      },
      "engines": {
        "node": "^20.19.0 || ^22.12.0 || >=24.0.0"
      },
      "peerDependencies": {
        "@angular/core": "21.2.17",
        "rxjs": "^6.5.3 || ^7.4.0"
      }
    },
    "node_modules/@angular/core": {
      "version": "21.2.17",
      "resolved": "https://registry.npmjs.org/@angular/core/-/core-21.2.17.tgz",
      "integrity": "sha512-wYHpwIdnUnjQFOJJNqRcGx7LS3u64jT+R9L0TnMR/ViBM9dQgGYImlSikkftg2yrFCNo5aKRxhG2LLskQurVdg==",
      "license": "MIT",
      "dependencies": {
        "tslib": "^2.3.0"
      },
      "engines": {
        "node": "^20.19.0 || ^22.12.0 || >=24.0.0"
      },
      "peerDependencies": {
        "@angular/compiler": "21.2.17",
        "rxjs": "^6.5.3 || ^7.4.0",
        "zone.js": "~0.15.0 || ~0.16.0"
      },
      "peerDependenciesMeta": {
        "@angular/compiler": {
          "optional": true
        },
        "zone.js": {
          "optional": true
        }
      }
    },
    "node_modules/@angular/platform-browser": {
      "version": "21.2.17",
      "resolved": "https://registry.npmjs.org/@angular/platform-browser/-/platform-browser-21.2.17.tgz",
      "integrity": "sha512-ROdSliejY37g1EphYmweYdm5cHM8HY3X4tbWt4ubxmhTyYgfN3nxrxfGQ/n7Mz5tDY9VXVLIGDgjLOGYOo4uTQ==",
      "license": "MIT",
      "dependencies": {
        "tslib": "^2.3.0"
      },
      "engines": {
        "node": "^20.19.0 || ^22.12.0 || >=24.0.0"
      },
      "peerDependencies": {
        "@angular/animations": "21.2.17",
        "@angular/common": "21.2.17",
        "@angular/core": "21.2.17"
      },
      "peerDependenciesMeta": {
        "@angular/animations": {
          "optional": true
        }
      }
    },
    "node_modules/@angular/router": {
      "version": "21.2.17",
      "resolved": "https://registry.npmjs.org/@angular/router/-/router-21.2.17.tgz",
      "integrity": "sha512-RSCtK5ppAV6y6wfRLHSK2a9Wc/vm8j0wsC+/j9PH9yQmppWFVXDWsg5E39MKOIpnoYVx2+hI6eak6+wYtZTe1A==",
      "license": "MIT",
      "dependencies": {
        "tslib": "^2.3.0"
      },
      "engines": {
        "node": "^20.19.0 || ^22.12.0 || >=24.0.0"
      },
      "peerDependencies": {
        "@angular/common": "21.2.17",
        "@angular/core": "21.2.17",
        "@angular/platform-browser": "21.2.17",
        "rxjs": "^6.5.3 || ^7.4.0"
      }
    },
    "node_modules/@types/luxon": {
      "version": "3.7.1",
      "resolved": "https://registry.npmjs.org/@types/luxon/-/luxon-3.7.1.tgz",
      "integrity": "sha512-H3iskjFIAn5SlJU7OuxUmTEpebK6TKB8rxZShDslBMZJ5u9S//KM1sbdAisiSrqwLQncVjnpi2OK2J51h+4lsg==",
      "dev": true,
      "license": "MIT"
    },
    "node_modules/angular-oauth2-oidc": {
      "version": "20.0.3",
      "resolved": "https://registry.npmjs.org/angular-oauth2-oidc/-/angular-oauth2-oidc-20.0.3.tgz",
      "integrity": "sha512-SL0iV/WlrX35J4CXvc7VdoNhlol+YIo8c0i1NrfAQ70++dxLZjg/li6vNx7lu2sC3GElZLzmlbBZOvlvLB2Q5w==",
      "license": "MIT",
      "dependencies": {
        "tslib": "^2.5.2"
      },
      "peerDependencies": {
        "@angular/common": ">=20.0.0",
        "@angular/core": ">=20.0.0"
      }
    },
    "node_modules/just-clone": {
      "version": "6.2.0",
      "resolved": "https://registry.npmjs.org/just-clone/-/just-clone-6.2.0.tgz",
      "integrity": "sha512-1IynUYEc/HAwxhi3WDpIpxJbZpMCvvrrmZVqvj9EhpvbH8lls7HhdhiByjL7DkAaWlLIzpC0Xc/VPvy/UxLNjA==",
      "license": "MIT"
    },
    "node_modules/just-compare": {
      "version": "2.3.0",
      "resolved": "https://registry.npmjs.org/just-compare/-/just-compare-2.3.0.tgz",
      "integrity": "sha512-6shoR7HDT+fzfL3gBahx1jZG3hWLrhPAf+l7nCwahDdT9XDtosB9kIF0ZrzUp5QY8dJWfQVr5rnsPqsbvflDzg==",
      "license": "MIT"
    },
    "node_modules/luxon": {
      "version": "3.7.2",
      "resolved": "https://registry.npmjs.org/luxon/-/luxon-3.7.2.tgz",
      "integrity": "sha512-vtEhXh/gNjI9Yg1u4jX/0YVPMvxzHuGgCm6tC5kZyb08yjGWGnqAjGJvcXbqQR2P3MyMEFnRbpcdFS6PBcLqew==",
      "license": "MIT",
      "engines": {
        "node": ">=12"
      }
    },
    "node_modules/rxjs": {
      "version": "7.8.2",
      "resolved": "https://registry.npmjs.org/rxjs/-/rxjs-7.8.2.tgz",
      "integrity": "sha512-dhKf903U/PQZY6boNNtAGdWbG85WAbjT/1xYoZIC7FAY0yWapOBQVsVrDl58W86//e1VpMNBtRV4MaXfdMySFA==",
      "license": "Apache-2.0",
      "dependencies": {
        "tslib": "^2.1.0"
      }
    },
    "node_modules/ts-toolbelt": {
      "version": "9.6.0",
      "resolved": "https://registry.npmjs.org/ts-toolbelt/-/ts-toolbelt-9.6.0.tgz",
      "integrity": "sha512-nsZd8ZeNUzukXPlJmTBwUAuABDe/9qtVDelJeT/qW0ow3ZS3BsQJtNkan1802aM9Uf68/Y8ljw86Hu0h5IUW3w==",
      "license": "Apache-2.0"
    },
    "node_modules/tslib": {
      "version": "2.8.1",
      "resolved": "https://registry.npmjs.org/tslib/-/tslib-2.8.1.tgz",
      "integrity": "sha512-oJFu94HQb+KVduSUQL7wnpmqnfmLsOA/nAh6b6EH0wCEoK0/mPeXU6c3wKDV83MkOuHPRHtSXKKU99IBazS/2w==",
      "license": "0BSD"
    },
    "node_modules/typescript": {
      "version": "5.9.3",
      "resolved": "https://registry.npmjs.org/typescript/-/typescript-5.9.3.tgz",
      "integrity": "sha512-jl1vZzPDinLr9eUt3J/t7V6FgNEw9QjvBPdysz9KfQDD41fQrC2Y4vKQdiaUpFT4bXlb1RHhLpp8wtm6M5TgSw==",
      "dev": true,
      "license": "Apache-2.0",
      "bin": {
        "tsc": "bin/tsc",
        "tsserver": "bin/tsserver"
      },
      "engines": {
        "node": ">=14.17"
      }
    }
  }
}
